
Microsoft Visual Studio Solution File, Format Version 12.00
# Visual Studio Version 16
VisualStudioVersion = 16.0.31112.23
MinimumVisualStudioVersion = 10.0.40219.1
Project("{FAE04EC0-301F-11D3-BF4B-00C04F79EFBC}") = "WeClient", "WeClient\WeClient.csproj", "{9AA5CC52-DA7C-4C7E-8230-71DB3A8BB80F}"
EndProject
Global
	GlobalSection(SolutionConfigurationPlatforms) = preSolution
		Debug|Any CPU = Debug|Any CPU
		Release|Any CPU = Release|Any CPU
	EndGlobalSection
	GlobalSection(ProjectConfigurationPlatforms) = postSolution
		{9AA5CC52-DA7C-4C7E-8230-71DB3A8BB80F}.Debug|Any CPU.ActiveCfg = Debug|Any CPU
		{9AA5CC52-DA7C-4C7E-8230-71DB3A8BB80F}.Debug|Any CPU.Build.0 = Debug|Any CPU
		{9AA5CC52-DA7C-4C7E-8230-71DB3A8BB80F}.Release|Any CPU.ActiveCfg = Release|Any CPU
		{9AA5CC52-DA7C-4C7E-8230-71DB3A8BB80F}.Release|Any CPU.Build.0 = Release|Any CPU
	EndGlobalSection
	GlobalSection(SolutionProperties) = preSolution
		HideSolutionNode = FALSE
	EndGlobalSection
	GlobalSection(ExtensibilityGlobals) = postSolution
		SolutionGuid = {735CA063-88AB-41B7-83C2-800F06270B9B}
	EndGlobalSection
EndGlobal
